
Microsoft Visual Studio Solution File, Format Version 12.00
# Visual Studio Version 16
VisualStudioVersion = 16.0.30104.148
MinimumVisualStudioVersion = 10.0.40219.1
Project("{9A19103F-16F7-4668-BE54-9A1E7A4F7556}") = "Read-Text", "Read-Text\Read-Text.csproj", "{A26D99F4-FDCC-43A1-ACC0-83BE597FC2FA}"
EndProject
Project("{9A19103F-16F7-4668-BE54-9A1E7A4F7556}") = "Password", "Password\Password.csproj", "{402C8181-6248-4073-BFB5-38219F5C4BB3}"
EndProject
Project("{9A19103F-16F7-4668-BE54-9A1E7A4F7556}") = "Sum-Numbers", "Sum-Numbers\Sum-Numbers.csproj", "{EED6C318-9588-4B3E-B370-7CBD95F6A313}"
EndProject
Project("{9A19103F-16F7-4668-BE54-9A1E7A4F7556}") = "Account Balance", "Account Balance\Account Balance.csproj", "{ECE8DE46-995F-4405-999D-F72BF6C5D777}"
EndProject
Project("{9A19103F-16F7-4668-BE54-9A1E7A4F7556}") = "Moving", "Moving\Moving.csproj", "{C7B319B1-5890-42F1-9056-94FBC6287F10}"
EndProject
Project("{9A19103F-16F7-4668-BE54-9A1E7A4F7556}") = "Sequence 2k+1", "Sequence 2k+1\Sequence 2k+1.csproj", "{D1310511-B307-4FB1-B3EE-D6665C6B6CCA}"
EndProject
Project("{9A19103F-16F7-4668-BE54-9A1E7A4F7556}") = "Max-Number", "Max-Number\Max-Number.csproj", "{2A7C9743-CE89-47A2-8A33-BB1A764209D0}"
EndProject
Project("{9A19103F-16F7-4668-BE54-9A1E7A4F7556}") = "Min-Number", "Min-Number\Min-Number.csproj", "{F6DE41BF-6365-4D0A-B863-C278BF54DCC8}"
EndProject
Project("{9A19103F-16F7-4668-BE54-9A1E7A4F7556}") = "Graduation-One", "Graduation-One\Graduation-One.csproj", "{B8B600A0-C72E-4C82-A165-26A8A7B93FB6}"
EndProject
Project("{FAE04EC0-301F-11D3-BF4B-00C04F79EFBC}") = "Graduation-Two", "Graduation-Two\Graduation-Two.csproj", "{BC12CC2A-D8E8-4643-8440-260F5ECE683B}"
EndProject
Global
	GlobalSection(SolutionConfigurationPlatforms) = preSolution
		Debug|Any CPU = Debug|Any CPU
		Release|Any CPU = Release|Any CPU
	EndGlobalSection
	GlobalSection(ProjectConfigurationPlatforms) = postSolution
		{A26D99F4-FDCC-43A1-ACC0-83BE597FC2FA}.Debug|Any CPU.ActiveCfg = Debug|Any CPU
		{A26D99F4-FDCC-43A1-ACC0-83BE597FC2FA}.Debug|Any CPU.Build.0 = Debug|Any CPU
		{A26D99F4-FDCC-43A1-ACC0-83BE597FC2FA}.Release|Any CPU.ActiveCfg = Release|Any CPU
		{A26D99F4-FDCC-43A1-ACC0-83BE597FC2FA}.Release|Any CPU.Build.0 = Release|Any CPU
		{402C8181-6248-4073-BFB5-38219F5C4BB3}.Debug|Any CPU.ActiveCfg = Debug|Any CPU
		{402C8181-6248-4073-BFB5-38219F5C4BB3}.Debug|Any CPU.Build.0 = Debug|Any CPU
		{402C8181-6248-4073-BFB5-38219F5C4BB3}.Release|Any CPU.ActiveCfg = Release|Any CPU
		{402C8181-6248-4073-BFB5-38219F5C4BB3}.Release|Any CPU.Build.0 = Release|Any CPU
		{EED6C318-9588-4B3E-B370-7CBD95F6A313}.Debug|Any CPU.ActiveCfg = Debug|Any CPU
		{EED6C318-9588-4B3E-B370-7CBD95F6A313}.Debug|Any CPU.Build.0 = Debug|Any CPU
		{EED6C318-9588-4B3E-B370-7CBD95F6A313}.Release|Any CPU.ActiveCfg = Release|Any CPU
		{EED6C318-9588-4B3E-B370-7CBD95F6A313}.Release|Any CPU.Build.0 = Release|Any CPU
		{ECE8DE46-995F-4405-999D-F72BF6C5D777}.Debug|Any CPU.ActiveCfg = Debug|Any CPU
		{ECE8DE46-995F-4405-999D-F72BF6C5D777}.Debug|Any CPU.Build.0 = Debug|Any CPU
		{ECE8DE46-995F-4405-999D-F72BF6C5D777}.Release|Any CPU.ActiveCfg = Release|Any CPU
		{ECE8DE46-995F-4405-999D-F72BF6C5D777}.Release|Any CPU.Build.0 = Release|Any CPU
		{C7B319B1-5890-42F1-9056-94FBC6287F10}.Debug|Any CPU.ActiveCfg = Debug|Any CPU
		{C7B319B1-5890-42F1-9056-94FBC6287F10}.Debug|Any CPU.Build.0 = Debug|Any CPU
		{C7B319B1-5890-42F1-9056-94FBC6287F10}.Release|Any CPU.ActiveCfg = Release|Any CPU
		{C7B319B1-5890-42F1-9056-94FBC6287F10}.Release|Any CPU.Build.0 = Release|Any CPU
		{D1310511-B307-4FB1-B3EE-D6665C6B6CCA}.Debug|Any CPU.ActiveCfg = Debug|Any CPU
		{D1310511-B307-4FB1-B3EE-D6665C6B6CCA}.Debug|Any CPU.Build.0 = Debug|Any CPU
		{D1310511-B307-4FB1-B3EE-D6665C6B6CCA}.Release|Any CPU.ActiveCfg = Release|Any CPU
		{D1310511-B307-4FB1-B3EE-D6665C6B6CCA}.Release|Any CPU.Build.0 = Release|Any CPU
		{2A7C9743-CE89-47A2-8A33-BB1A764209D0}.Debug|Any CPU.ActiveCfg = Debug|Any CPU
		{2A7C9743-CE89-47A2-8A33-BB1A764209D0}.Debug|Any CPU.Build.0 = Debug|Any CPU
		{2A7C9743-CE89-47A2-8A33-BB1A764209D0}.Release|Any CPU.ActiveCfg = Release|Any CPU
		{2A7C9743-CE89-47A2-8A33-BB1A764209D0}.Release|Any CPU.Build.0 = Release|Any CPU
		{F6DE41BF-6365-4D0A-B863-C278BF54DCC8}.Debug|Any CPU.ActiveCfg = Debug|Any CPU
		{F6DE41BF-6365-4D0A-B863-C278BF54DCC8}.Debug|Any CPU.Build.0 = Debug|Any CPU
		{F6DE41BF-6365-4D0A-B863-C278BF54DCC8}.Release|Any CPU.ActiveCfg = Release|Any CPU
		{F6DE41BF-6365-4D0A-B863-C278BF54DCC8}.Release|Any CPU.Build.0 = Release|Any CPU
		{B8B600A0-C72E-4C82-A165-26A8A7B93FB6}.Debug|Any CPU.ActiveCfg = Debug|Any CPU
		{B8B600A0-C72E-4C82-A165-26A8A7B93FB6}.Debug|Any CPU.Build.0 = Debug|Any CPU
		{B8B600A0-C72E-4C82-A165-26A8A7B93FB6}.Release|Any CPU.ActiveCfg = Release|Any CPU
		{B8B600A0-C72E-4C82-A165-26A8A7B93FB6}.Release|Any CPU.Build.0 = Release|Any CPU
		{BC12CC2A-D8E8-4643-8440-260F5ECE683B}.Debug|Any CPU.ActiveCfg = Debug|Any CPU
		{BC12CC2A-D8E8-4643-8440-260F5ECE683B}.Debug|Any CPU.Build.0 = Debug|Any CPU
		{BC12CC2A-D8E8-4643-8440-260F5ECE683B}.Release|Any CPU.ActiveCfg = Release|Any CPU
		{BC12CC2A-D8E8-4643-8440-260F5ECE683B}.Release|Any CPU.Build.0 = Release|Any CPU
	EndGlobalSection
	GlobalSection(SolutionProperties) = preSolution
		HideSolutionNode = FALSE
	EndGlobalSection
	GlobalSection(ExtensibilityGlobals) = postSolution
		SolutionGuid = {7CC24519-428A-4EF2-B88E-46E20E9D49CA}
	EndGlobalSection
EndGlobal
